
Microsoft Visual Studio Solution File, Format Version 12.00
# Visual Studio 15
VisualStudioVersion = 15.0.27428.1
MinimumVisualStudioVersion = 10.0.40219.1
Project("{FAE04EC0-301F-11D3-BF4B-00C04F79EFBC}") = "EquipmentManagement.Domain", "EquipmentManagement.Domain\EquipmentManagement.Domain.csproj", "{46FF7131-EFA8-41C9-A2C8-FABCC094ABE1}"
EndProject
Project("{FAE04EC0-301F-11D3-BF4B-00C04F79EFBC}") = "EquipmentManagement.Domain.Tests", "Equip,entManagement.Domain.Tests\EquipmentManagement.Domain.Tests.csproj", "{07B7D31D-D6D1-4108-83C9-3E4E38B22912}"
EndProject
Global
	GlobalSection(SolutionConfigurationPlatforms) = preSolution
		Debug|Any CPU = Debug|Any CPU
		Release|Any CPU = Release|Any CPU
	EndGlobalSection
	GlobalSection(ProjectConfigurationPlatforms) = postSolution
		{46FF7131-EFA8-41C9-A2C8-FABCC094ABE1}.Debug|Any CPU.ActiveCfg = Debug|Any CPU
		{46FF7131-EFA8-41C9-A2C8-FABCC094ABE1}.Debug|Any CPU.Build.0 = Debug|Any CPU
		{46FF7131-EFA8-41C9-A2C8-FABCC094ABE1}.Release|Any CPU.ActiveCfg = Release|Any CPU
		{46FF7131-EFA8-41C9-A2C8-FABCC094ABE1}.Release|Any CPU.Build.0 = Release|Any CPU
		{07B7D31D-D6D1-4108-83C9-3E4E38B22912}.Debug|Any CPU.ActiveCfg = Debug|Any CPU
		{07B7D31D-D6D1-4108-83C9-3E4E38B22912}.Debug|Any CPU.Build.0 = Debug|Any CPU
		{07B7D31D-D6D1-4108-83C9-3E4E38B22912}.Release|Any CPU.ActiveCfg = Release|Any CPU
		{07B7D31D-D6D1-4108-83C9-3E4E38B22912}.Release|Any CPU.Build.0 = Release|Any CPU
	EndGlobalSection
	GlobalSection(SolutionProperties) = preSolution
		HideSolutionNode = FALSE
	EndGlobalSection
	GlobalSection(ExtensibilityGlobals) = postSolution
		SolutionGuid = {E16C6F36-7072-4B85-B817-93A78B7D3726}
	EndGlobalSection
EndGlobal
